
Microsoft Visual Studio Solution File, Format Version 12.00
Project("{FAE04EC0-301F-11D3-BF4B-00C04F79EFBC}") = "DStructTests", "DStructTests\DStructTests.csproj", "{4DC485C3-1F8A-475E-B3ED-050C5012599A}"
EndProject
Project("{FAE04EC0-301F-11D3-BF4B-00C04F79EFBC}") = "DStruct", "DStruct\DStruct.csproj", "{17ACD6E3-B2DE-41D2-BB82-C8F3D0992B74}"
EndProject
Global
	GlobalSection(SolutionConfigurationPlatforms) = preSolution
		Debug|Any CPU = Debug|Any CPU
		Release|Any CPU = Release|Any CPU
	EndGlobalSection
	GlobalSection(ProjectConfigurationPlatforms) = postSolution
		{4DC485C3-1F8A-475E-B3ED-050C5012599A}.Debug|Any CPU.ActiveCfg = Debug|Any CPU
		{4DC485C3-1F8A-475E-B3ED-050C5012599A}.Debug|Any CPU.Build.0 = Debug|Any CPU
		{4DC485C3-1F8A-475E-B3ED-050C5012599A}.Release|Any CPU.ActiveCfg = Release|Any CPU
		{4DC485C3-1F8A-475E-B3ED-050C5012599A}.Release|Any CPU.Build.0 = Release|Any CPU
		{17ACD6E3-B2DE-41D2-BB82-C8F3D0992B74}.Debug|Any CPU.ActiveCfg = Debug|Any CPU
		{17ACD6E3-B2DE-41D2-BB82-C8F3D0992B74}.Debug|Any CPU.Build.0 = Debug|Any CPU
		{17ACD6E3-B2DE-41D2-BB82-C8F3D0992B74}.Release|Any CPU.ActiveCfg = Release|Any CPU
		{17ACD6E3-B2DE-41D2-BB82-C8F3D0992B74}.Release|Any CPU.Build.0 = Release|Any CPU
	EndGlobalSection
EndGlobal
